// !$*UTF8*$!
{
	archiveVersion = 1;
	classes = {
	};
	objectVersion = 48;
	objects = {

/* Begin PBXBuildFile section */
		A24F841F1FD1E1EC00391D31 /* AppDelegate.swift in Sources */ = {isa = PBXBuildFile; fileRef = A24F841E1FD1E1EC00391D31 /* AppDelegate.swift */; };
		A24F84211FD1E1EC00391D31 /* ViewController.swift in Sources */ = {isa = PBXBuildFile; fileRef = A24F84201FD1E1EC00391D31 /* ViewController.swift */; };
		A24F84241FD1E1EC00391D31 /* Main.storyboard in Resources */ = {isa = PBXBuildFile; fileRef = A24F84221FD1E1EC00391D31 /* Main.storyboard */; };
		A24F84291FD1E1ED00391D31 /* Assets.xcassets in Resources */ = {isa = PBXBuildFile; fileRef = A24F84281FD1E1ED00391D31 /* Assets.xcassets */; };
		A24F842C1FD1E1ED00391D31 /* LaunchScreen.storyboard in Resources */ = {isa = PBXBuildFile; fileRef = A24F842A1FD1E1ED00391D31 /* LaunchScreen.storyboard */; };
		A24F843F1FD1E55500391D31 /* ArtworksOnCampus.xcdatamodeld in Sources */ = {isa = PBXBuildFile; fileRef = A24F843D1FD1E55500391D31 /* ArtworksOnCampus.xcdatamodeld */; };
		A274730B1FD6F63700021E89 /* Utils.swift in Sources */ = {isa = PBXBuildFile; fileRef = A274730A1FD6F63700021E89 /* Utils.swift */; };
		A274730D1FD80D7000021E89 /* ArtworkInBuildingViewController.swift in Sources */ = {isa = PBXBuildFile; fileRef = A274730C1FD80D7000021E89 /* ArtworkInBuildingViewController.swift */; };
		A2D444D81FD8775900A257DF /* DetailsViewController.swift in Sources */ = {isa = PBXBuildFile; fileRef = A2D444D71FD8775900A257DF /* DetailsViewController.swift */; };
/* End PBXBuildFile section */

/* Begin PBXFileReference section */
		A24F841B1FD1E1EC00391D31 /* ArtworksOnCampus.app */ = {isa = PBXFileReference; explicitFileType = wrapper.application; includeInIndex = 0; path = ArtworksOnCampus.app; sourceTree = BUILT_PRODUCTS_DIR; };
		A24F841E1FD1E1EC00391D31 /* AppDelegate.swift */ = {isa = PBXFileReference; lastKnownFileType = sourcecode.swift; path = AppDelegate.swift; sourceTree = "<group>"; };
		A24F84201FD1E1EC00391D31 /* ViewController.swift */ = {isa = PBXFileReference; lastKnownFileType = sourcecode.swift; path = ViewController.swift; sourceTree = "<group>"; };
		A24F84231FD1E1EC00391D31 /* Base */ = {isa = PBXFileReference; lastKnownFileType = file.storyboard; name = Base; path = Base.lproj/Main.storyboard; sourceTree = "<group>"; };
		A24F84281FD1E1ED00391D31 /* Assets.xcassets */ = {isa = PBXFileReference; lastKnownFileType = folder.assetcatalog; path = Assets.xcassets; sourceTree = "<group>"; };
		A24F842B1FD1E1ED00391D31 /* Base */ = {isa = PBXFileReference; lastKnownFileType = file.storyboard; name = Base; path = Base.lproj/LaunchScreen.storyboard; sourceTree = "<group>"; };
		A24F842D1FD1E1ED00391D31 /* Info.plist */ = {isa = PBXFileReference; lastKnownFileType = text.plist.xml; path = Info.plist; sourceTree = "<group>"; };
		A24F843E1FD1E55500391D31 /* ArtworksOnCampus2.xcdatamodel */ = {isa = PBXFileReference; lastKnownFileType = wrapper.xcdatamodel; path = ArtworksOnCampus2.xcdatamodel; sourceTree = "<group>"; };
		A274730A1FD6F63700021E89 /* Utils.swift */ = {isa = PBXFileReference; lastKnownFileType = sourcecode.swift; path = Utils.swift; sourceTree = "<group>"; };
		A274730C1FD80D7000021E89 /* ArtworkInBuildingViewController.swift */ = {isa = PBXFileReference; lastKnownFileType = sourcecode.swift; path = ArtworkInBuildingViewController.swift; sourceTree = "<group>"; };
		A2D444D71FD8775900A257DF /* DetailsViewController.swift */ = {isa = PBXFileReference; lastKnownFileType = sourcecode.swift; path = DetailsViewController.swift; sourceTree = "<group>"; };
/* End PBXFileReference section */

/* Begin PBXFrameworksBuildPhase section */
		A24F84181FD1E1EC00391D31 /* Frameworks */ = {
			isa = PBXFrameworksBuildPhase;
			buildActionMask = 2147483647;
			files = (
			);
			runOnlyForDeploymentPostprocessing = 0;
		};
/* End PBXFrameworksBuildPhase section */

/* Begin PBXGroup section */
		A24F84121FD1E1EC00391D31 = {
			isa = PBXGroup;
			children = (
				A24F841D1FD1E1EC00391D31 /* ArtworksOnCampus */,
				A24F841C1FD1E1EC00391D31 /* Products */,
			);
			sourceTree = "<group>";
		};
		A24F841C1FD1E1EC00391D31 /* Products */ = {
			isa = PBXGroup;
			children = (
				A24F841B1FD1E1EC00391D31 /* ArtworksOnCampus.app */,
			);
			name = Products;
			sourceTree = "<group>";
		};
		A24F841D1FD1E1EC00391D31 /* ArtworksOnCampus */ = {
			isa = PBXGroup;
			children = (
				A24F841E1FD1E1EC00391D31 /* AppDelegate.swift */,
				A24F84201FD1E1EC00391D31 /* ViewController.swift */,
				A24F84221FD1E1EC00391D31 /* Main.storyboard */,
				A2D444D71FD8775900A257DF /* DetailsViewController.swift */,
				A274730C1FD80D7000021E89 /* ArtworkInBuildingViewController.swift */,
				A274730A1FD6F63700021E89 /* Utils.swift */,
				A24F84281FD1E1ED00391D31 /* Assets.xcassets */,
				A24F842A1FD1E1ED00391D31 /* LaunchScreen.storyboard */,
				A24F843D1FD1E55500391D31 /* ArtworksOnCampus.xcdatamodeld */,
				A24F842D1FD1E1ED00391D31 /* Info.plist */,
			);
			path = ArtworksOnCampus;
			sourceTree = "<group>";
		};
/* End PBXGroup section */

/* Begin PBXNativeTarget section */
		A24F841A1FD1E1EC00391D31 /* ArtworksOnCampus */ = {
			isa = PBXNativeTarget;
			buildConfigurationList = A24F84301FD1E1ED00391D31 /* Build configuration list for PBXNativeTarget "ArtworksOnCampus" */;
			buildPhases = (
				A24F84171FD1E1EC00391D31 /* Sources */,
				A24F84181FD1E1EC00391D31 /* Frameworks */,
				A24F84191FD1E1EC00391D31 /* Resources */,
			);
			buildRules = (
			);
			dependencies = (
			);
			name = ArtworksOnCampus;
			productName = ArtworksOnCampus;
			productReference = A24F841B1FD1E1EC00391D31 /* ArtworksOnCampus.app */;
			productType = "com.apple.product-type.application";
		};
/* End PBXNativeTarget section */

/* Begin PBXProject section */
		A24F84131FD1E1EC00391D31 /* Project object */ = {
			isa = PBXProject;
			attributes = {
				LastSwiftUpdateCheck = 0900;
				LastUpgradeCheck = 0900;
				ORGANIZATIONNAME = "Haoxuan Wang";
				TargetAttributes = {
					A24F841A1FD1E1EC00391D31 = {
						CreatedOnToolsVersion = 9.0;
						ProvisioningStyle = Automatic;
						SystemCapabilities = {
							com.apple.BackgroundModes = {
								enabled = 0;
							};
						};
					};
				};
			};
			buildConfigurationList = A24F84161FD1E1EC00391D31 /* Build configuration list for PBXProject "ArtworksOnCampus" */;
			compatibilityVersion = "Xcode 8.0";
			developmentRegion = en;
			hasScannedForEncodings = 0;
			knownRegions = (
				en,
				Base,
			);
			mainGroup = A24F84121FD1E1EC00391D31;
			productRefGroup = A24F841C1FD1E1EC00391D31 /* Products */;
			projectDirPath = "";
			projectRoot = "";
			targets = (
				A24F841A1FD1E1EC00391D31 /* ArtworksOnCampus */,
			);
		};
/* End PBXProject section */

/* Begin PBXResourcesBuildPhase section */
		A24F84191FD1E1EC00391D31 /* Resources */ = {
			isa = PBXResourcesBuildPhase;
			buildActionMask = 2147483647;
			files = (
				A24F842C1FD1E1ED00391D31 /* LaunchScreen.storyboard in Resources */,
				A24F84291FD1E1ED00391D31 /* Assets.xcassets in Resources */,
				A24F84241FD1E1EC00391D31 /* Main.storyboard in Resources */,
			);
			runOnlyForDeploymentPostprocessing = 0;
		};
/* End PBXResourcesBuildPhase section */

/* Begin PBXSourcesBuildPhase section */
		A24F84171FD1E1EC00391D31 /* Sources */ = {
			isa = PBXSourcesBuildPhase;
			buildActionMask = 2147483647;
			files = (
				A274730D1FD80D7000021E89 /* ArtworkInBuildingViewController.swift in Sources */,
				A274730B1FD6F63700021E89 /* Utils.swift in Sources */,
				A24F84211FD1E1EC00391D31 /* ViewController.swift in Sources */,
				A24F843F1FD1E55500391D31 /* ArtworksOnCampus.xcdatamodeld in Sources */,
				A24F841F1FD1E1EC00391D31 /* AppDelegate.swift in Sources */,
				A2D444D81FD8775900A257DF /* DetailsViewController.swift in Sources */,
			);
			runOnlyForDeploymentPostprocessing = 0;
		};
/* End PBXSourcesBuildPhase section */

/* Begin PBXVariantGroup section */
		A24F84221FD1E1EC00391D31 /* Main.storyboard */ = {
			isa = PBXVariantGroup;
			children = (
				A24F84231FD1E1EC00391D31 /* Base */,
			);
			name = Main.storyboard;
			sourceTree = "<group>";
		};
		A24F842A1FD1E1ED00391D31 /* LaunchScreen.storyboard */ = {
			isa = PBXVariantGroup;
			children = (
				A24F842B1FD1E1ED00391D31 /* Base */,
			);
			name = LaunchScreen.storyboard;
			sourceTree = "<group>";
		};
/* End PBXVariantGroup section */

/* Begin XCBuildConfiguration section */
		A24F842E1FD1E1ED00391D31 /* Debug */ = {
			isa = XCBuildConfiguration;
			buildSettings = {
				ALWAYS_SEARCH_USER_PATHS = NO;
				CLANG_ANALYZER_NONNULL = YES;
				CLANG_ANALYZER_NUMBER_OBJECT_CONVERSION = YES_AGGRESSIVE;
				CLANG_CXX_LANGUAGE_STANDARD = "gnu++14";
				CLANG_CXX_LIBRARY = "libc++";
				CLANG_ENABLE_MODULES = YES;
				CLANG_ENABLE_OBJC_ARC = YES;
				CLANG_WARN_BLOCK_CAPTURE_AUTORELEASING = YES;
				CLANG_WARN_BOOL_CONVERSION = YES;
				CLANG_WARN_COMMA = YES;
				CLANG_WARN_CONSTANT_CONVERSION = YES;
				CLANG_WARN_DIRECT_OBJC_ISA_USAGE = YES_ERROR;
				CLANG_WARN_DOCUMENTATION_COMMENTS = YES;
				CLANG_WARN_EMPTY_BODY = YES;
				CLANG_WARN_ENUM_CONVERSION = YES;
				CLANG_WARN_INFINITE_RECURSION = YES;
				CLANG_WARN_INT_CONVERSION = YES;
				CLANG_WARN_NON_LITERAL_NULL_CONVERSION = YES;
				CLANG_WARN_OBJC_LITERAL_CONVERSION = YES;
				CLANG_WARN_OBJC_ROOT_CLASS = YES_ERROR;
				CLANG_WARN_RANGE_LOOP_ANALYSIS = YES;
				CLANG_WARN_STRICT_PROTOTYPES = YES;
				CLANG_WARN_SUSPICIOUS_MOVE = YES;
				CLANG_WARN_UNGUARDED_AVAILABILITY = YES_AGGRESSIVE;
				CLANG_WARN_UNREACHABLE_CODE = YES;
				CLANG_WARN__DUPLICATE_METHOD_MATCH = YES;
				CODE_SIGN_IDENTITY = "iPhone Developer";
				COPY_PHASE_STRIP = NO;
				DEBUG_INFORMATION_FORMAT = dwarf;
				ENABLE_STRICT_OBJC_MSGSEND = YES;
				ENABLE_TESTABILITY = YES;
				GCC_C_LANGUAGE_STANDARD = gnu11;
				GCC_DYNAMIC_NO_PIC = NO;
				GCC_NO_COMMON_BLOCKS = YES;
				GCC_OPTIMIZATION_LEVEL = 0;
				GCC_PREPROCESSOR_DEFINITIONS = (
					"DEBUG=1",
					"$(inherited)",
				);
				GCC_WARN_64_TO_32_BIT_CONVERSION = YES;
				GCC_WARN_ABOUT_RETURN_TYPE = YES_ERROR;
				GCC_WARN_UNDECLARED_SELECTOR = YES;
				GCC_WARN_UNINITIALIZED_AUTOS = YES_AGGRESSIVE;
				GCC_WARN_UNUSED_FUNCTION = YES;
				GCC_WARN_UNUSED_VARIABLE = YES;
				IPHONEOS_DEPLOYMENT_TARGET = 11.0;
				MTL_ENABLE_DEBUG_INFO = YES;
				ONLY_ACTIVE_ARCH = YES;
				SDKROOT = iphoneos;
				SWIFT_ACTIVE_COMPILATION_CONDITIONS = DEBUG;
				SWIFT_OPTIMIZATION_LEVEL = "-Onone";
			};
			name = Debug;
		};
		A24F842F1FD1E1ED00391D31 /* Release */ = {
			isa = XCBuildConfiguration;
			buildSettings = {
				ALWAYS_SEARCH_USER_PATHS = NO;
				CLANG_ANALYZER_NONNULL = YES;
				CLANG_ANALYZER_NUMBER_OBJECT_CONVERSION = YES_AGGRESSIVE;
				CLANG_CXX_LANGUAGE_STANDARD = "gnu++14";
				CLANG_CXX_LIBRARY = "libc++";
				CLANG_ENABLE_MODULES = YES;
				CLANG_ENABLE_OBJC_ARC = YES;
				CLANG_WARN_BLOCK_CAPTURE_AUTORELEASING = YES;
				CLANG_WARN_BOOL_CONVERSION = YES;
				CLANG_WARN_COMMA = YES;
				CLANG_WARN_CONSTANT_CONVERSION = YES;
				CLANG_WARN_DIRECT_OBJC_ISA_USAGE = YES_ERROR;
				CLANG_WARN_DOCUMENTATION_COMMENTS = YES;
				CLANG_WARN_EMPTY_BODY = YES;
				CLANG_WARN_ENUM_CONVERSION = YES;
				CLANG_WARN_INFINITE_RECURSION = YES;
				CLANG_WARN_INT_CONVERSION = YES;
				CLANG_WARN_NON_LITERAL_NULL_CONVERSION = YES;
				CLANG_WARN_OBJC_LITERAL_CONVERSION = YES;
				CLANG_WARN_OBJC_ROOT_CLASS = YES_ERROR;
				CLANG_WARN_RANGE_LOOP_ANALYSIS = YES;
				CLANG_WARN_STRICT_PROTOTYPES = YES;
				CLANG_WARN_SUSPICIOUS_MOVE = YES;
				CLANG_WARN_UNGUARDED_AVAILABILITY = YES_AGGRESSIVE;
				CLANG_WARN_UNREACHABLE_CODE = YES;
				CLANG_WARN__DUPLICATE_METHOD_MATCH = YES;
				CODE_SIGN_IDENTITY = "iPhone Developer";
				COPY_PHASE_STRIP = NO;
				DEBUG_INFORMATION_FORMAT = "dwarf-with-dsym";
				ENABLE_NS_ASSERTIONS = NO;
				ENABLE_STRICT_OBJC_MSGSEND = YES;
				GCC_C_LANGUAGE_STANDARD = gnu11;
				GCC_NO_COMMON_BLOCKS = YES;
				GCC_WARN_64_TO_32_BIT_CONVERSION = YES;
				GCC_WARN_ABOUT_RETURN_TYPE = YES_ERROR;
				GCC_WARN_UNDECLARED_SELECTOR = YES;
				GCC_WARN_UNINITIALIZED_AUTOS = YES_AGGRESSIVE;
				GCC_WARN_UNUSED_FUNCTION = YES;
				GCC_WARN_UNUSED_VARIABLE = YES;
				IPHONEOS_DEPLOYMENT_TARGET = 11.0;
				MTL_ENABLE_DEBUG_INFO = NO;
				SDKROOT = iphoneos;
				SWIFT_OPTIMIZATION_LEVEL = "-Owholemodule";
				VALIDATE_PRODUCT = YES;
			};
			name = Release;
		};
		A24F84311FD1E1ED00391D31 /* Debug */ = {
			isa = XCBuildConfiguration;
			buildSettings = {
				ASSETCATALOG_COMPILER_APPICON_NAME = AppIcon;
				CODE_SIGN_STYLE = Automatic;
				INFOPLIST_FILE = ArtworksOnCampus/Info.plist;
				LD_RUNPATH_SEARCH_PATHS = "$(inherited) @executable_path/Frameworks";
				PRODUCT_BUNDLE_IDENTIFIER = me.haoxuan.ArtworksOnCampus;
				PRODUCT_NAME = "$(TARGET_NAME)";
				SWIFT_VERSION = 4.0;
				TARGETED_DEVICE_FAMILY = "1,2";
			};
			name = Debug;
		};
		A24F84321FD1E1ED00391D31 /* Release */ = {
			isa = XCBuildConfiguration;
			buildSettings = {
				ASSETCATALOG_COMPILER_APPICON_NAME = AppIcon;
				CODE_SIGN_STYLE = Automatic;
				INFOPLIST_FILE = ArtworksOnCampus/Info.plist;
				LD_RUNPATH_SEARCH_PATHS = "$(inherited) @executable_path/Frameworks";
				PRODUCT_BUNDLE_IDENTIFIER = me.haoxuan.ArtworksOnCampus;
				PRODUCT_NAME = "$(TARGET_NAME)";
				SWIFT_VERSION = 4.0;
				TARGETED_DEVICE_FAMILY = "1,2";
			};
			name = Release;
		};
/* End XCBuildConfiguration section */

/* Begin XCConfigurationList section */
		A24F84161FD1E1EC00391D31 /* Build configuration list for PBXProject "ArtworksOnCampus" */ = {
			isa = XCConfigurationList;
			buildConfigurations = (
				A24F842E1FD1E1ED00391D31 /* Debug */,
				A24F842F1FD1E1ED00391D31 /* Release */,
			);
			defaultConfigurationIsVisible = 0;
			defaultConfigurationName = Release;
		};
		A24F84301FD1E1ED00391D31 /* Build configuration list for PBXNativeTarget "ArtworksOnCampus" */ = {
			isa = XCConfigurationList;
			buildConfigurations = (
				A24F84311FD1E1ED00391D31 /* Debug */,
				A24F84321FD1E1ED00391D31 /* Release */,
			);
			defaultConfigurationIsVisible = 0;
			defaultConfigurationName = Release;
		};
/* End XCConfigurationList section */

/* Begin XCVersionGroup section */
		A24F843D1FD1E55500391D31 /* ArtworksOnCampus.xcdatamodeld */ = {
			isa = XCVersionGroup;
			children = (
				A24F843E1FD1E55500391D31 /* ArtworksOnCampus2.xcdatamodel */,
			);
			currentVersion = A24F843E1FD1E55500391D31 /* ArtworksOnCampus2.xcdatamodel */;
			path = ArtworksOnCampus.xcdatamodeld;
			sourceTree = "<group>";
			versionGroupType = wrapper.xcdatamodel;
		};
/* End XCVersionGroup section */
	};
	rootObject = A24F84131FD1E1EC00391D31 /* Project object */;
}
